{
  "version": 4,
  "terraform_version": "1.3.4",
  "serial": 10,
  "lineage": "c5398c16-bc7c-00f2-a6b0-cb2f8b8c0e2d",
  "outputs": {
    "ip_address": {
      "value": "137.184.81.57",
      "type": "string"
    }
  },
  "resources": [
    {
      "mode": "managed",
      "type": "digitalocean_droplet",
      "name": "jenkins",
      "provider": "provider[\"registry.terraform.io/digitalocean/digitalocean\"]",
      "instances": [
        {
          "schema_version": 1,
          "attributes": {
            "backups": false,
            "created_at": "2022-11-09T06:02:24Z",
            "disk": 80,
            "droplet_agent": null,
            "graceful_shutdown": false,
            "id": "325188162",
            "image": "ubuntu-22-04-x64",
            "ipv4_address": "137.184.81.57",
            "ipv4_address_private": "10.124.0.2",
            "ipv6": false,
            "ipv6_address": "",
            "locked": false,
            "memory": 4096,
            "monitoring": false,
            "name": "jenkins",
            "price_hourly": 0.04167,
            "price_monthly": 28,
            "private_networking": true,
            "region": "sfo3",
            "resize_disk": true,
            "size": "s-2vcpu-4gb-intel",
            "ssh_keys": null,
            "status": "active",
            "tags": null,
            "timeouts": null,
            "urn": "do:droplet:325188162",
            "user_data": "feb6d92ee4b7071a018388e76a3e3bf76cfb095e",
            "vcpus": 2,
            "volume_ids": [],
            "vpc_uuid": "496aa1b3-97a5-4512-8dba-90cfb9bfaa48"
          },
          "sensitive_attributes": [],
          "private": "eyJlMmJmYjczMC1lY2FhLTExZTYtOGY4OC0zNDM2M2JjN2M0YzAiOnsiY3JlYXRlIjozNjAwMDAwMDAwMDAwLCJkZWxldGUiOjYwMDAwMDAwMDAwLCJ1cGRhdGUiOjM2MDAwMDAwMDAwMDB9LCJzY2hlbWFfdmVyc2lvbiI6IjEifQ=="
        }
      ]
    }
  ],
  "check_results": null
}
